{
  "name": "octofarmer",
  "version": "1.0.0",
  "lockfileVersion": 3,
  "requires": true,
  "packages": {
    "": {
      "name": "octofarmer",
      "version": "1.0.0",
      "license": "ISC",
      "dependencies": {
        "@types/blessed": "^0.1.22",
        "blessed": "^0.1.81",
        "commander": "^10.0.1"
      },
      "devDependencies": {
        "@types/node": "^20.2.6",
        "typescript": "^5.1.3"
      }
    },
    "node_modules/@types/blessed": {
      "version": "0.1.22",
      "resolved": "https://registry.npmjs.org/@types/blessed/-/blessed-0.1.22.tgz",
      "integrity": "sha512-BsCmBwdn2ELV94FvMXGX1L1UIF/KO7kZvd1PKRbNG9lgiVYoyzcg8Y77S8VeWxX3zS8PUMIdZy1cWpSdvaOx9Q==",
      "dependencies": {
        "@types/node": "*"
      }
    },
    "node_modules/@types/node": {
      "version": "20.2.6",
      "resolved": "https://registry.npmjs.org/@types/node/-/node-20.2.6.tgz",
      "integrity": "sha512-GQBWUtGoefMEOx/vu+emHEHU5aw6JdDoEtZhoBrHFPZbA/YNRFfN996XbBASEWdvmLSLyv9FKYppYGyZjCaq/g=="
    },
    "node_modules/blessed": {
      "version": "0.1.81",
      "resolved": "https://registry.npmjs.org/blessed/-/blessed-0.1.81.tgz",
      "integrity": "sha512-LoF5gae+hlmfORcG1M5+5XZi4LBmvlXTzwJWzUlPryN/SJdSflZvROM2TwkT0GMpq7oqT48NRd4GS7BiVBc5OQ==",
      "bin": {
        "blessed": "bin/tput.js"
      },
      "engines": {
        "node": ">= 0.8.0"
      }
    },
    "node_modules/commander": {
      "version": "10.0.1",
      "resolved": "https://registry.npmjs.org/commander/-/commander-10.0.1.tgz",
      "integrity": "sha512-y4Mg2tXshplEbSGzx7amzPwKKOCGuoSRP/CjEdwwk0FOGlUbq6lKuoyDZTNZkmxHdJtp54hdfY/JUrdL7Xfdug==",
      "engines": {
        "node": ">=14"
      }
    },
    "node_modules/typescript": {
      "version": "5.1.3",
      "resolved": "https://registry.npmjs.org/typescript/-/typescript-5.1.3.tgz",
      "integrity": "sha512-XH627E9vkeqhlZFQuL+UsyAXEnibT0kWR2FWONlr4sTjvxyJYnyefgrkyECLzM5NenmKzRAy2rR/OlYLA1HkZw==",
      "dev": true,
      "bin": {
        "tsc": "bin/tsc",
        "tsserver": "bin/tsserver"
      },
      "engines": {
        "node": ">=14.17"
      }
    }
  }
}
